github.com/zeebo/assert v0.0.0-20181109011804-10f827ce2ed6/go.mod h1:yssERNPivllc1yU3BvpjYI5BUW+zglcz6QWqeVRL5t0=
github.com/zeebo/assert v1.1.0 h1:hU1L1vLTHsnO8x8c9KAR5GmM5QscxHg5RNU5z5qbUWY=
github.com/zeebo/assert v1.1.0/go.mod h1:Pq9JiuJQpG8JLJdtkwrJESF0Foym2/D9XMU5ciN/wJ0=
github.com/zeebo/errs v1.2.2 h1:5NFypMTuSdoySVTqlNs1dEoU21QVamMQJxW/Fii5O7g=
github.com/zeebo/errs v1.2.2/go.mod h1:sgbWHsvVuTPHcqJJGQ1WhI5KbWlHYz+2+2C/LSEtCw4=
github.com/zeebo/pcg v0.0.0-20181207190024-3cdc6b625a05 h1:4pW5fMvVkrgkMXdvIsVRRTs69DWYA8uNNQsu1stfVKU=
github.com/zeebo/pcg v0.0.0-20181207190024-3cdc6b625a05/go.mod h1:Gr+78ptB0MwXxm//LBaEvBiaXY7hXJ6KGe2V32X2F6E=
